// !$*UTF8*$!
{
	archiveVersion = 1;
	classes = {
	};
	objectVersion = 46;
	objects = {

/* Begin PBXBuildFile section */
		2D077FFB1CB2744D00197D3F /* MSGalleryRollLoadCell.m in Sources */ = {isa = PBXBuildFile; fileRef = 2D077FFA1CB2744C00197D3F /* MSGalleryRollLoadCell.m */; };
		2D095CCA1CA8144D00247518 /* MSGalleryRollDataSource.m in Sources */ = {isa = PBXBuildFile; fileRef = 2D095CC91CA8144D00247518 /* MSGalleryRollDataSource.m */; };
		2D18BCC01C3F0B1200F923DF /* NSObject+Extension.m in Sources */ = {isa = PBXBuildFile; fileRef = 2D18BCBF1C3F0B1200F923DF /* NSObject+Extension.m */; };
		2D18BCC51C3F0CC200F923DF /* MSValidator.m in Sources */ = {isa = PBXBuildFile; fileRef = 2D18BCC41C3F0CC200F923DF /* MSValidator.m */; };
		2D18BCC91C3F0E9C00F923DF /* MSAPIRequestManager.m in Sources */ = {isa = PBXBuildFile; fileRef = 2D18BCC81C3F0E9C00F923DF /* MSAPIRequestManager.m */; };
		2D1DAB981C47FA5500C7AA19 /* MSRequestManager.m in Sources */ = {isa = PBXBuildFile; fileRef = 2D1DAB971C47FA5500C7AA19 /* MSRequestManager.m */; };
		2D2AE90D1C57CFD100A726AD /* blackfolder.png in Resources */ = {isa = PBXBuildFile; fileRef = 2D2AE90C1C57CFD100A726AD /* blackfolder.png */; };
		2D305AD51C726FAE00B4F018 /* MSGalleryRollNavigation.m in Sources */ = {isa = PBXBuildFile; fileRef = 2D305AD41C726FAE00B4F018 /* MSGalleryRollNavigation.m */; };
		2D330DF41C42E29A008897C7 /* MSAuth.m in Sources */ = {isa = PBXBuildFile; fileRef = 2D330DF31C42E29A008897C7 /* MSAuth.m */; };
		2D38C77C1C4925C70081028D /* MSPhoto+CoreDataProperties.m in Sources */ = {isa = PBXBuildFile; fileRef = 2D38C7771C4925C70081028D /* MSPhoto+CoreDataProperties.m */; };
		2D38C77D1C4925C70081028D /* MSPhoto.m in Sources */ = {isa = PBXBuildFile; fileRef = 2D38C7791C4925C70081028D /* MSPhoto.m */; };
		2D40AEF21C6DE82600024FB3 /* MSGalleryRollCell.m in Sources */ = {isa = PBXBuildFile; fileRef = 2D40AEF11C6DE82600024FB3 /* MSGalleryRollCell.m */; };
		2D42EF811C5121F200DCDBD2 /* MSFolderViewerCell.m in Sources */ = {isa = PBXBuildFile; fileRef = 2D42EF801C5121F200DCDBD2 /* MSFolderViewerCell.m */; };
		2D42EF851C5124F000DCDBD2 /* MSFolderViewer.m in Sources */ = {isa = PBXBuildFile; fileRef = 2D42EF841C5124F000DCDBD2 /* MSFolderViewer.m */; };
		2D4570741C40186400934FF5 /* LoginService.m in Sources */ = {isa = PBXBuildFile; fileRef = 2D4570731C40186400934FF5 /* LoginService.m */; };
		2D493A0F1C9867B600465986 /* MSPhotoLayout.m in Sources */ = {isa = PBXBuildFile; fileRef = 2D493A0E1C9867B600465986 /* MSPhotoLayout.m */; };
		2D4C1E1D1C732F670077843B /* MSCreateNewFolderView.xib in Resources */ = {isa = PBXBuildFile; fileRef = 2D4C1E1C1C732F670077843B /* MSCreateNewFolderView.xib */; };
		2D4C1E201C7331040077843B /* MSCreateNewFolderView.m in Sources */ = {isa = PBXBuildFile; fileRef = 2D4C1E1F1C7331040077843B /* MSCreateNewFolderView.m */; };
		2D77A6E81C9761F6008D1BDF /* MSPhotoCollection.m in Sources */ = {isa = PBXBuildFile; fileRef = 2D77A6E71C9761F6008D1BDF /* MSPhotoCollection.m */; };
		2D77A6EC1C9766E3008D1BDF /* MSPhotoCollectionCell.m in Sources */ = {isa = PBXBuildFile; fileRef = 2D77A6EB1C9766E3008D1BDF /* MSPhotoCollectionCell.m */; };
		2D8E46DA1C45791F0035B8B9 /* glossy_emoticon_button.png in Resources */ = {isa = PBXBuildFile; fileRef = 2D8E46D91C45791F0035B8B9 /* glossy_emoticon_button.png */; };
		2D8EED961C8B0933008BB5FF /* MSThumbnail+CoreDataProperties.m in Sources */ = {isa = PBXBuildFile; fileRef = 2D8EED931C8B0933008BB5FF /* MSThumbnail+CoreDataProperties.m */; };
		2D8EED971C8B0933008BB5FF /* MSThumbnail.m in Sources */ = {isa = PBXBuildFile; fileRef = 2D8EED951C8B0933008BB5FF /* MSThumbnail.m */; };
		2D9044571C8DD18C00A4DF1E /* MSFolderPathManager.m in Sources */ = {isa = PBXBuildFile; fileRef = 2D9044561C8DD18C00A4DF1E /* MSFolderPathManager.m */; };
		2D906FAF1C3EFD5400DF01A4 /* main.m in Sources */ = {isa = PBXBuildFile; fileRef = 2D906FAE1C3EFD5400DF01A4 /* main.m */; };
		2D906FB21C3EFD5400DF01A4 /* AppDelegate.m in Sources */ = {isa = PBXBuildFile; fileRef = 2D906FB11C3EFD5400DF01A4 /* AppDelegate.m */; };
		2D906FB81C3EFD5400DF01A4 /* Main.storyboard in Resources */ = {isa = PBXBuildFile; fileRef = 2D906FB61C3EFD5400DF01A4 /* Main.storyboard */; };
		2D906FBB1C3EFD5400DF01A4 /* PhotoOrganaizer.xcdatamodeld in Sources */ = {isa = PBXBuildFile; fileRef = 2D906FB91C3EFD5400DF01A4 /* PhotoOrganaizer.xcdatamodeld */; };
		2D906FBD1C3EFD5400DF01A4 /* Assets.xcassets in Resources */ = {isa = PBXBuildFile; fileRef = 2D906FBC1C3EFD5400DF01A4 /* Assets.xcassets */; };
		2D906FC01C3EFD5400DF01A4 /* LaunchScreen.storyboard in Resources */ = {isa = PBXBuildFile; fileRef = 2D906FBE1C3EFD5400DF01A4 /* LaunchScreen.storyboard */; };
		2D906FCB1C3EFD5400DF01A4 /* PhotoOrganaizerTests.m in Sources */ = {isa = PBXBuildFile; fileRef = 2D906FCA1C3EFD5400DF01A4 /* PhotoOrganaizerTests.m */; };
		2D906FD61C3EFD5400DF01A4 /* PhotoOrganaizerUITests.m in Sources */ = {isa = PBXBuildFile; fileRef = 2D906FD51C3EFD5400DF01A4 /* PhotoOrganaizerUITests.m */; };
		2D906FE91C3EFE4700DF01A4 /* MSMainVC.m in Sources */ = {isa = PBXBuildFile; fileRef = 2D906FE81C3EFE4700DF01A4 /* MSMainVC.m */; };
		2D9312AC1CB569F7004E13D0 /* MSFolderViewerDataSource.m in Sources */ = {isa = PBXBuildFile; fileRef = 2D9312AB1CB569F7004E13D0 /* MSFolderViewerDataSource.m */; };
		2D988E621C7D9E0600BEDAF1 /* MSPhotoAlbums.m in Sources */ = {isa = PBXBuildFile; fileRef = 2D988E611C7D9E0600BEDAF1 /* MSPhotoAlbums.m */; };
		2D988E661C7DA56500BEDAF1 /* MSPhotoAlbumCell.m in Sources */ = {isa = PBXBuildFile; fileRef = 2D988E651C7DA56500BEDAF1 /* MSPhotoAlbumCell.m */; };
		2D988E6A1C7DD4E700BEDAF1 /* MSPhotoImagePickerNavigation.m in Sources */ = {isa = PBXBuildFile; fileRef = 2D988E691C7DD4E700BEDAF1 /* MSPhotoImagePickerNavigation.m */; };
		2DD1082C1C6CC18B00EB1757 /* MSGalleryRoll.m in Sources */ = {isa = PBXBuildFile; fileRef = 2DD1082B1C6CC18B00EB1757 /* MSGalleryRoll.m */; };
		2DD1B6B11CBD193B00C2EDB0 /* MSSavingProcessView.m in Sources */ = {isa = PBXBuildFile; fileRef = 2DD1B6B01CBD193B00C2EDB0 /* MSSavingProcessView.m */; };
		2DD1B6B31CBD1C8C00C2EDB0 /* MSSavingProcessView.xib in Resources */ = {isa = PBXBuildFile; fileRef = 2DD1B6B21CBD1C8C00C2EDB0 /* MSSavingProcessView.xib */; };
		2DDF2B071C4FEEF100330CEA /* folder-generic.png in Resources */ = {isa = PBXBuildFile; fileRef = 2DDF2B061C4FEEF100330CEA /* folder-generic.png */; };
		2DDF2B0B1C4FF12B00330CEA /* UIImage+SharedPics.m in Sources */ = {isa = PBXBuildFile; fileRef = 2DDF2B0A1C4FF12B00330CEA /* UIImage+SharedPics.m */; };
		2DDF2B0F1C50095700330CEA /* MSAPIMethodsManager.m in Sources */ = {isa = PBXBuildFile; fileRef = 2DDF2B0E1C50095700330CEA /* MSAPIMethodsManager.m */; };
		2DDF2B131C501CB100330CEA /* MSAnimation.m in Sources */ = {isa = PBXBuildFile; fileRef = 2DDF2B121C501CB100330CEA /* MSAnimation.m */; };
		2DE89C2D1C737C9900EE82D3 /* MSOptionsView.m in Sources */ = {isa = PBXBuildFile; fileRef = 2DE89C2C1C737C9900EE82D3 /* MSOptionsView.m */; };
		2DEAC5951CB115D700A665B1 /* MSManagerDownloads.m in Sources */ = {isa = PBXBuildFile; fileRef = 2DEAC5941CB115D700A665B1 /* MSManagerDownloads.m */; };
		2DEAC5991CB11BCD00A665B1 /* MSUploadInfo.m in Sources */ = {isa = PBXBuildFile; fileRef = 2DEAC5981CB11BCD00A665B1 /* MSUploadInfo.m */; };
		2DF4F2CF1CB5522E00088053 /* MSBlurEffect.m in Sources */ = {isa = PBXBuildFile; fileRef = 2DF4F2CE1CB5522E00088053 /* MSBlurEffect.m */; };
		2DFAB3F11C74925E004FA81E /* MSFolderViewNavigation.m in Sources */ = {isa = PBXBuildFile; fileRef = 2DFAB3F01C74925E004FA81E /* MSFolderViewNavigation.m */; };
		B2B89E49FB466602F6785C61 /* libPods-PhotoOrganaizer.a in Frameworks */ = {isa = PBXBuildFile; fileRef = A5CEE70C0733EA3993ADAD81 /* libPods-PhotoOrganaizer.a */; };
		FC28B94B1C8B739900AD8FBF /* MSCache.m in Sources */ = {isa = PBXBuildFile; fileRef = FC28B94A1C8B739900AD8FBF /* MSCache.m */; };
		FCBA44B31C53932C00471F0B /* MSFolder+CoreDataProperties.m in Sources */ = {isa = PBXBuildFile; fileRef = FCBA44B01C53932C00471F0B /* MSFolder+CoreDataProperties.m */; };
		FCBA44B41C53932C00471F0B /* MSFolder.m in Sources */ = {isa = PBXBuildFile; fileRef = FCBA44B21C53932C00471F0B /* MSFolder.m */; };
/* End PBXBuildFile section */

/* Begin PBXContainerItemProxy section */
		2D906FC71C3EFD5400DF01A4 /* PBXContainerItemProxy */ = {
			isa = PBXContainerItemProxy;
			containerPortal = 2D906FA21C3EFD5400DF01A4 /* Project object */;
			proxyType = 1;
			remoteGlobalIDString = 2D906FA91C3EFD5400DF01A4;
			remoteInfo = PhotoOrganaizer;
		};
		2D906FD21C3EFD5400DF01A4 /* PBXContainerItemProxy */ = {
			isa = PBXContainerItemProxy;
			containerPortal = 2D906FA21C3EFD5400DF01A4 /* Project object */;
			proxyType = 1;
			remoteGlobalIDString = 2D906FA91C3EFD5400DF01A4;
			remoteInfo = PhotoOrganaizer;
		};
/* End PBXContainerItemProxy section */

/* Begin PBXFileReference section */
		2D077FF91CB2744C00197D3F /* MSGalleryRollLoadCell.h */ = {isa = PBXFileReference; fileEncoding = 4; lastKnownFileType = sourcecode.c.h; name = MSGalleryRollLoadCell.h; path = Model/Cells/MSGalleryRollLoadCell/MSGalleryRollLoadCell.h; sourceTree = "<group>"; };
		2D077FFA1CB2744C00197D3F /* MSGalleryRollLoadCell.m */ = {isa = PBXFileReference; fileEncoding = 4; lastKnownFileType = sourcecode.c.objc; name = MSGalleryRollLoadCell.m; path = Model/Cells/MSGalleryRollLoadCell/MSGalleryRollLoadCell.m; sourceTree = "<group>"; };
		2D095CC81CA8144D00247518 /* MSGalleryRollDataSource.h */ = {isa = PBXFileReference; fileEncoding = 4; lastKnownFileType = sourcecode.c.h; name = MSGalleryRollDataSource.h; path = Classes/MSGalleryRollDataSource/MSGalleryRollDataSource.h; sourceTree = "<group>"; };
		2D095CC91CA8144D00247518 /* MSGalleryRollDataSource.m */ = {isa = PBXFileReference; fileEncoding = 4; lastKnownFileType = sourcecode.c.objc; name = MSGalleryRollDataSource.m; path = Classes/MSGalleryRollDataSource/MSGalleryRollDataSource.m; sourceTree = "<group>"; };
		2D18BCBE1C3F0B1200F923DF /* NSObject+Extension.h */ = {isa = PBXFileReference; fileEncoding = 4; lastKnownFileType = sourcecode.c.h; name = "NSObject+Extension.h"; path = "Category/NSObject+Extension.h"; sourceTree = "<group>"; };
		2D18BCBF1C3F0B1200F923DF /* NSObject+Extension.m */ = {isa = PBXFileReference; fileEncoding = 4; lastKnownFileType = sourcecode.c.objc; name = "NSObject+Extension.m"; path = "Category/NSObject+Extension.m"; sourceTree = "<group>"; };
		2D18BCC31C3F0CC200F923DF /* MSValidator.h */ = {isa = PBXFileReference; fileEncoding = 4; lastKnownFileType = sourcecode.c.h; name = MSValidator.h; path = Classes/Validator/MSValidator.h; sourceTree = "<group>"; };
		2D18BCC41C3F0CC200F923DF /* MSValidator.m */ = {isa = PBXFileReference; fileEncoding = 4; lastKnownFileType = sourcecode.c.objc; name = MSValidator.m; path = Classes/Validator/MSValidator.m; sourceTree = "<group>"; };
		2D18BCC61C3F0D4000F923DF /* PrefixHeader.pch */ = {isa = PBXFileReference; lastKnownFileType = sourcecode.c.h; name = PrefixHeader.pch; path = Support/PrefixHeader.pch; sourceTree = "<group>"; };
		2D18BCC71C3F0E9C00F923DF /* MSAPIRequestManager.h */ = {isa = PBXFileReference; fileEncoding = 4; lastKnownFileType = sourcecode.c.h; name = MSAPIRequestManager.h; path = Classes/APIRequestManager/MSAPIRequestManager.h; sourceTree = "<group>"; };
		2D18BCC81C3F0E9C00F923DF /* MSAPIRequestManager.m */ = {isa = PBXFileReference; fileEncoding = 4; lastKnownFileType = sourcecode.c.objc; name = MSAPIRequestManager.m; path = Classes/APIRequestManager/MSAPIRequestManager.m; sourceTree = "<group>"; };
		2D1DAB961C47FA5500C7AA19 /* MSRequestManager.h */ = {isa = PBXFileReference; fileEncoding = 4; lastKnownFileType = sourcecode.c.h; name = MSRequestManager.h; path = Classes/MSRequestManager/MSRequestManager.h; sourceTree = "<group>"; };
		2D1DAB971C47FA5500C7AA19 /* MSRequestManager.m */ = {isa = PBXFileReference; fileEncoding = 4; lastKnownFileType = sourcecode.c.objc; name = MSRequestManager.m; path = Classes/MSRequestManager/MSRequestManager.m; sourceTree = "<group>"; };
		2D2AE90C1C57CFD100A726AD /* blackfolder.png */ = {isa = PBXFileReference; lastKnownFileType = image.png; path = blackfolder.png; sourceTree = "<group>"; };
		2D305AD31C726FAE00B4F018 /* MSGalleryRollNavigation.h */ = {isa = PBXFileReference; fileEncoding = 4; lastKnownFileType = sourcecode.c.h; name = MSGalleryRollNavigation.h; path = Model/NavigationController/MSGalleryRollNavigation/MSGalleryRollNavigation.h; sourceTree = "<group>"; };
		2D305AD41C726FAE00B4F018 /* MSGalleryRollNavigation.m */ = {isa = PBXFileReference; fileEncoding = 4; lastKnownFileType = sourcecode.c.objc; name = MSGalleryRollNavigation.m; path = Model/NavigationController/MSGalleryRollNavigation/MSGalleryRollNavigation.m; sourceTree = "<group>"; };
		2D330DF21C42E29A008897C7 /* MSAuth.h */ = {isa = PBXFileReference; fileEncoding = 4; lastKnownFileType = sourcecode.c.h; name = MSAuth.h; path = Classes/Auth/MSAuth.h; sourceTree = "<group>"; };
		2D330DF31C42E29A008897C7 /* MSAuth.m */ = {isa = PBXFileReference; fileEncoding = 4; lastKnownFileType = sourcecode.c.objc; name = MSAuth.m; path = Classes/Auth/MSAuth.m; sourceTree = "<group>"; };
		2D330DF51C42E897008897C7 /* AuthConstants.h */ = {isa = PBXFileReference; lastKnownFileType = sourcecode.c.h; name = AuthConstants.h; path = Support/AuthConstants.h; sourceTree = "<group>"; };
		2D38C7761C4925C70081028D /* MSPhoto+CoreDataProperties.h */ = {isa = PBXFileReference; fileEncoding = 4; lastKnownFileType = sourcecode.c.h; name = "MSPhoto+CoreDataProperties.h"; path = "Model/CoreData/MSPhoto+CoreDataProperties.h"; sourceTree = "<group>"; };
		2D38C7771C4925C70081028D /* MSPhoto+CoreDataProperties.m */ = {isa = PBXFileReference; fileEncoding = 4; lastKnownFileType = sourcecode.c.objc; name = "MSPhoto+CoreDataProperties.m"; path = "Model/CoreData/MSPhoto+CoreDataProperties.m"; sourceTree = "<group>"; };
		2D38C7781C4925C70081028D /* MSPhoto.h */ = {isa = PBXFileReference; fileEncoding = 4; lastKnownFileType = sourcecode.c.h; name = MSPhoto.h; path = Model/CoreData/MSPhoto.h; sourceTree = "<group>"; };
		2D38C7791C4925C70081028D /* MSPhoto.m */ = {isa = PBXFileReference; fileEncoding = 4; lastKnownFileType = sourcecode.c.objc; name = MSPhoto.m; path = Model/CoreData/MSPhoto.m; sourceTree = "<group>"; };
		2D40AEF01C6DE82600024FB3 /* MSGalleryRollCell.h */ = {isa = PBXFileReference; fileEncoding = 4; lastKnownFileType = sourcecode.c.h; name = MSGalleryRollCell.h; path = Model/Cells/MSGalleryRollCell/MSGalleryRollCell.h; sourceTree = "<group>"; };
		2D40AEF11C6DE82600024FB3 /* MSGalleryRollCell.m */ = {isa = PBXFileReference; fileEncoding = 4; lastKnownFileType = sourcecode.c.objc; name = MSGalleryRollCell.m; path = Model/Cells/MSGalleryRollCell/MSGalleryRollCell.m; sourceTree = "<group>"; };
		2D42EF7F1C5121F200DCDBD2 /* MSFolderViewerCell.h */ = {isa = PBXFileReference; fileEncoding = 4; lastKnownFileType = sourcecode.c.h; name = MSFolderViewerCell.h; path = Model/Cells/MSFolderViewerCell/MSFolderViewerCell.h; sourceTree = "<group>"; };
		2D42EF801C5121F200DCDBD2 /* MSFolderViewerCell.m */ = {isa = PBXFileReference; fileEncoding = 4; lastKnownFileType = sourcecode.c.objc; name = MSFolderViewerCell.m; path = Model/Cells/MSFolderViewerCell/MSFolderViewerCell.m; sourceTree = "<group>"; };
		2D42EF831C5124F000DCDBD2 /* MSFolderViewer.h */ = {isa = PBXFileReference; fileEncoding = 4; lastKnownFileType = sourcecode.c.h; name = MSFolderViewer.h; path = Model/ViewController/MSFolderViewer/MSFolderViewer.h; sourceTree = "<group>"; };
		2D42EF841C5124F000DCDBD2 /* MSFolderViewer.m */ = {isa = PBXFileReference; fileEncoding = 4; lastKnownFileType = sourcecode.c.objc; name = MSFolderViewer.m; path = Model/ViewController/MSFolderViewer/MSFolderViewer.m; sourceTree = "<group>"; };
		2D4570721C40186400934FF5 /* LoginService.h */ = {isa = PBXFileReference; fileEncoding = 4; lastKnownFileType = sourcecode.c.h; name = LoginService.h; path = Classes/LoginService/LoginService.h; sourceTree = "<group>"; };
		2D4570731C40186400934FF5 /* LoginService.m */ = {isa = PBXFileReference; fileEncoding = 4; lastKnownFileType = sourcecode.c.objc; name = LoginService.m; path = Classes/LoginService/LoginService.m; sourceTree = "<group>"; };
		2D493A0D1C9867B600465986 /* MSPhotoLayout.h */ = {isa = PBXFileReference; fileEncoding = 4; lastKnownFileType = sourcecode.c.h; name = MSPhotoLayout.h; path = Classes/MSPhotoLayout/MSPhotoLayout.h; sourceTree = "<group>"; };
		2D493A0E1C9867B600465986 /* MSPhotoLayout.m */ = {isa = PBXFileReference; fileEncoding = 4; lastKnownFileType = sourcecode.c.objc; name = MSPhotoLayout.m; path = Classes/MSPhotoLayout/MSPhotoLayout.m; sourceTree = "<group>"; };
		2D4C1E1C1C732F670077843B /* MSCreateNewFolderView.xib */ = {isa = PBXFileReference; fileEncoding = 4; lastKnownFileType = file.xib; name = MSCreateNewFolderView.xib; path = Model/View/MSCreateNewFolderView.xib; sourceTree = "<group>"; };
		2D4C1E1E1C7331040077843B /* MSCreateNewFolderView.h */ = {isa = PBXFileReference; fileEncoding = 4; lastKnownFileType = sourcecode.c.h; name = MSCreateNewFolderView.h; path = Model/View/MSNewFolderView/MSCreateNewFolderView.h; sourceTree = "<group>"; };
		2D4C1E1F1C7331040077843B /* MSCreateNewFolderView.m */ = {isa = PBXFileReference; fileEncoding = 4; lastKnownFileType = sourcecode.c.objc; name = MSCreateNewFolderView.m; path = Model/View/MSNewFolderView/MSCreateNewFolderView.m; sourceTree = "<group>"; };
		2D5328C21C412973006D9B6B /* SharedConstants.h */ = {isa = PBXFileReference; lastKnownFileType = sourcecode.c.h; name = SharedConstants.h; path = Support/SharedConstants.h; sourceTree = "<group>"; };
		2D77A6E61C9761F6008D1BDF /* MSPhotoCollection.h */ = {isa = PBXFileReference; fileEncoding = 4; lastKnownFileType = sourcecode.c.h; name = MSPhotoCollection.h; path = Model/ViewController/MSPhotoCollection/MSPhotoCollection.h; sourceTree = "<group>"; };
		2D77A6E71C9761F6008D1BDF /* MSPhotoCollection.m */ = {isa = PBXFileReference; fileEncoding = 4; lastKnownFileType = sourcecode.c.objc; name = MSPhotoCollection.m; path = Model/ViewController/MSPhotoCollection/MSPhotoCollection.m; sourceTree = "<group>"; };
		2D77A6EA1C9766E3008D1BDF /* MSPhotoCollectionCell.h */ = {isa = PBXFileReference; fileEncoding = 4; lastKnownFileType = sourcecode.c.h; name = MSPhotoCollectionCell.h; path = Model/Cells/MSPhotoCollectionCell/MSPhotoCollectionCell.h; sourceTree = "<group>"; };
		2D77A6EB1C9766E3008D1BDF /* MSPhotoCollectionCell.m */ = {isa = PBXFileReference; fileEncoding = 4; lastKnownFileType = sourcecode.c.objc; name = MSPhotoCollectionCell.m; path = Model/Cells/MSPhotoCollectionCell/MSPhotoCollectionCell.m; sourceTree = "<group>"; };
		2D8E46D91C45791F0035B8B9 /* glossy_emoticon_button.png */ = {isa = PBXFileReference; lastKnownFileType = image.png; path = glossy_emoticon_button.png; sourceTree = "<group>"; };
		2D8EED921C8B0933008BB5FF /* MSThumbnail+CoreDataProperties.h */ = {isa = PBXFileReference; fileEncoding = 4; lastKnownFileType = sourcecode.c.h; name = "MSThumbnail+CoreDataProperties.h"; path = "Model/CoreData/MSThumbnail+CoreDataProperties.h"; sourceTree = "<group>"; };
		2D8EED931C8B0933008BB5FF /* MSThumbnail+CoreDataProperties.m */ = {isa = PBXFileReference; fileEncoding = 4; lastKnownFileType = sourcecode.c.objc; name = "MSThumbnail+CoreDataProperties.m"; path = "Model/CoreData/MSThumbnail+CoreDataProperties.m"; sourceTree = "<group>"; };
		2D8EED941C8B0933008BB5FF /* MSThumbnail.h */ = {isa = PBXFileReference; fileEncoding = 4; lastKnownFileType = sourcecode.c.h; name = MSThumbnail.h; path = Model/CoreData/MSThumbnail.h; sourceTree = "<group>"; };
		2D8EED951C8B0933008BB5FF /* MSThumbnail.m */ = {isa = PBXFileReference; fileEncoding = 4; lastKnownFileType = sourcecode.c.objc; name = MSThumbnail.m; path = Model/CoreData/MSThumbnail.m; sourceTree = "<group>"; };
		2D9044551C8DD18C00A4DF1E /* MSFolderPathManager.h */ = {isa = PBXFileReference; fileEncoding = 4; lastKnownFileType = sourcecode.c.h; name = MSFolderPathManager.h; path = Classes/MSFolderPathManager/MSFolderPathManager.h; sourceTree = "<group>"; };
		2D9044561C8DD18C00A4DF1E /* MSFolderPathManager.m */ = {isa = PBXFileReference; fileEncoding = 4; lastKnownFileType = sourcecode.c.objc; name = MSFolderPathManager.m; path = Classes/MSFolderPathManager/MSFolderPathManager.m; sourceTree = "<group>"; };
		2D906FAA1C3EFD5400DF01A4 /* PhotoOrganaizer.app */ = {isa = PBXFileReference; explicitFileType = wrapper.application; includeInIndex = 0; path = PhotoOrganaizer.app; sourceTree = BUILT_PRODUCTS_DIR; };
		2D906FAE1C3EFD5400DF01A4 /* main.m */ = {isa = PBXFileReference; lastKnownFileType = sourcecode.c.objc; path = main.m; sourceTree = "<group>"; };
		2D906FB01C3EFD5400DF01A4 /* AppDelegate.h */ = {isa = PBXFileReference; lastKnownFileType = sourcecode.c.h; path = AppDelegate.h; sourceTree = "<group>"; };
		2D906FB11C3EFD5400DF01A4 /* AppDelegate.m */ = {isa = PBXFileReference; lastKnownFileType = sourcecode.c.objc; path = AppDelegate.m; sourceTree = "<group>"; };
		2D906FB71C3EFD5400DF01A4 /* Base */ = {isa = PBXFileReference; lastKnownFileType = file.storyboard; name = Base; path = Base.lproj/Main.storyboard; sourceTree = "<group>"; };
		2D906FBA1C3EFD5400DF01A4 /* PhotoOrganaizer.xcdatamodel */ = {isa = PBXFileReference; lastKnownFileType = wrapper.xcdatamodel; path = PhotoOrganaizer.xcdatamodel; sourceTree = "<group>"; };
		2D906FBC1C3EFD5400DF01A4 /* Assets.xcassets */ = {isa = PBXFileReference; lastKnownFileType = folder.assetcatalog; path = Assets.xcassets; sourceTree = "<group>"; };
		2D906FBF1C3EFD5400DF01A4 /* Base */ = {isa = PBXFileReference; lastKnownFileType = file.storyboard; name = Base; path = Base.lproj/LaunchScreen.storyboard; sourceTree = "<group>"; };
		2D906FC11C3EFD5400DF01A4 /* Info.plist */ = {isa = PBXFileReference; lastKnownFileType = text.plist.xml; path = Info.plist; sourceTree = "<group>"; };
		2D906FC61C3EFD5400DF01A4 /* PhotoOrganaizerTests.xctest */ = {isa = PBXFileReference; explicitFileType = wrapper.cfbundle; includeInIndex = 0; path = PhotoOrganaizerTests.xctest; sourceTree = BUILT_PRODUCTS_DIR; };
		2D906FCA1C3EFD5400DF01A4 /* PhotoOrganaizerTests.m */ = {isa = PBXFileReference; lastKnownFileType = sourcecode.c.objc; path = PhotoOrganaizerTests.m; sourceTree = "<group>"; };
		2D906FCC1C3EFD5400DF01A4 /* Info.plist */ = {isa = PBXFileReference; lastKnownFileType = text.plist.xml; path = Info.plist; sourceTree = "<group>"; };
		2D906FD11C3EFD5400DF01A4 /* PhotoOrganaizerUITests.xctest */ = {isa = PBXFileReference; explicitFileType = wrapper.cfbundle; includeInIndex = 0; path = PhotoOrganaizerUITests.xctest; sourceTree = BUILT_PRODUCTS_DIR; };
		2D906FD51C3EFD5400DF01A4 /* PhotoOrganaizerUITests.m */ = {isa = PBXFileReference; lastKnownFileType = sourcecode.c.objc; path = PhotoOrganaizerUITests.m; sourceTree = "<group>"; };
		2D906FD71C3EFD5400DF01A4 /* Info.plist */ = {isa = PBXFileReference; lastKnownFileType = text.plist.xml; path = Info.plist; sourceTree = "<group>"; };
		2D906FE71C3EFE4700DF01A4 /* MSMainVC.h */ = {isa = PBXFileReference; fileEncoding = 4; lastKnownFileType = sourcecode.c.h; name = MSMainVC.h; path = Model/ViewController/MainVC/MSMainVC.h; sourceTree = "<group>"; };
		2D906FE81C3EFE4700DF01A4 /* MSMainVC.m */ = {isa = PBXFileReference; fileEncoding = 4; lastKnownFileType = sourcecode.c.objc; name = MSMainVC.m; path = Model/ViewController/MainVC/MSMainVC.m; sourceTree = "<group>"; };
		2D9312AA1CB569F7004E13D0 /* MSFolderViewerDataSource.h */ = {isa = PBXFileReference; fileEncoding = 4; lastKnownFileType = sourcecode.c.h; name = MSFolderViewerDataSource.h; path = Classes/MSFolderViewerDataSource/MSFolderViewerDataSource.h; sourceTree = "<group>"; };
		2D9312AB1CB569F7004E13D0 /* MSFolderViewerDataSource.m */ = {isa = PBXFileReference; fileEncoding = 4; lastKnownFileType = sourcecode.c.objc; name = MSFolderViewerDataSource.m; path = Classes/MSFolderViewerDataSource/MSFolderViewerDataSource.m; sourceTree = "<group>"; };
		2D988E601C7D9E0600BEDAF1 /* MSPhotoAlbums.h */ = {isa = PBXFileReference; fileEncoding = 4; lastKnownFileType = sourcecode.c.h; name = MSPhotoAlbums.h; path = Model/ViewController/MSImagePicker/MSPhotoAlbums.h; sourceTree = "<group>"; };
		2D988E611C7D9E0600BEDAF1 /* MSPhotoAlbums.m */ = {isa = PBXFileReference; fileEncoding = 4; lastKnownFileType = sourcecode.c.objc; name = MSPhotoAlbums.m; path = Model/ViewController/MSImagePicker/MSPhotoAlbums.m; sourceTree = "<group>"; };
		2D988E641C7DA56500BEDAF1 /* MSPhotoAlbumCell.h */ = {isa = PBXFileReference; fileEncoding = 4; lastKnownFileType = sourcecode.c.h; name = MSPhotoAlbumCell.h; path = Model/Cells/MSPhotoAlbumCell/MSPhotoAlbumCell.h; sourceTree = "<group>"; };
		2D988E651C7DA56500BEDAF1 /* MSPhotoAlbumCell.m */ = {isa = PBXFileReference; fileEncoding = 4; lastKnownFileType = sourcecode.c.objc; name = MSPhotoAlbumCell.m; path = Model/Cells/MSPhotoAlbumCell/MSPhotoAlbumCell.m; sourceTree = "<group>"; };
		2D988E681C7DD4E700BEDAF1 /* MSPhotoImagePickerNavigation.h */ = {isa = PBXFileReference; fileEncoding = 4; lastKnownFileType = sourcecode.c.h; name = MSPhotoImagePickerNavigation.h; path = Model/NavigationController/MSPhotoImagePickerNavigation/MSPhotoImagePickerNavigation.h; sourceTree = "<group>"; };
		2D988E691C7DD4E700BEDAF1 /* MSPhotoImagePickerNavigation.m */ = {isa = PBXFileReference; fileEncoding = 4; lastKnownFileType = sourcecode.c.objc; name = MSPhotoImagePickerNavigation.m; path = Model/NavigationController/MSPhotoImagePickerNavigation/MSPhotoImagePickerNavigation.m; sourceTree = "<group>"; };
		2DD1082A1C6CC18B00EB1757 /* MSGalleryRoll.h */ = {isa = PBXFileReference; fileEncoding = 4; lastKnownFileType = sourcecode.c.h; name = MSGalleryRoll.h; path = Model/ViewController/MSGalleryRoll/MSGalleryRoll.h; sourceTree = "<group>"; };
		2DD1082B1C6CC18B00EB1757 /* MSGalleryRoll.m */ = {isa = PBXFileReference; fileEncoding = 4; lastKnownFileType = sourcecode.c.objc; name = MSGalleryRoll.m; path = Model/ViewController/MSGalleryRoll/MSGalleryRoll.m; sourceTree = "<group>"; };
		2DD1B6AF1CBD193B00C2EDB0 /* MSSavingProcessView.h */ = {isa = PBXFileReference; fileEncoding = 4; lastKnownFileType = sourcecode.c.h; name = MSSavingProcessView.h; path = Model/View/MSSavingProcessView/MSSavingProcessView.h; sourceTree = "<group>"; };
		2DD1B6B01CBD193B00C2EDB0 /* MSSavingProcessView.m */ = {isa = PBXFileReference; fileEncoding = 4; lastKnownFileType = sourcecode.c.objc; name = MSSavingProcessView.m; path = Model/View/MSSavingProcessView/MSSavingProcessView.m; sourceTree = "<group>"; };
		2DD1B6B21CBD1C8C00C2EDB0 /* MSSavingProcessView.xib */ = {isa = PBXFileReference; fileEncoding = 4; lastKnownFileType = file.xib; name = MSSavingProcessView.xib; path = Model/View/MSSavingProcessView/MSSavingProcessView.xib; sourceTree = "<group>"; };
		2DDF2B061C4FEEF100330CEA /* folder-generic.png */ = {isa = PBXFileReference; lastKnownFileType = image.png; path = "folder-generic.png"; sourceTree = "<group>"; };
		2DDF2B091C4FF12B00330CEA /* UIImage+SharedPics.h */ = {isa = PBXFileReference; fileEncoding = 4; lastKnownFileType = sourcecode.c.h; name = "UIImage+SharedPics.h"; path = "Category/UIImage+SharedPics/UIImage+SharedPics.h"; sourceTree = "<group>"; };
		2DDF2B0A1C4FF12B00330CEA /* UIImage+SharedPics.m */ = {isa = PBXFileReference; fileEncoding = 4; lastKnownFileType = sourcecode.c.objc; name = "UIImage+SharedPics.m"; path = "Category/UIImage+SharedPics/UIImage+SharedPics.m"; sourceTree = "<group>"; };
		2DDF2B0D1C50095700330CEA /* MSAPIMethodsManager.h */ = {isa = PBXFileReference; fileEncoding = 4; lastKnownFileType = sourcecode.c.h; name = MSAPIMethodsManager.h; path = Classes/MSAPIMethodsManager/MSAPIMethodsManager.h; sourceTree = "<group>"; };
		2DDF2B0E1C50095700330CEA /* MSAPIMethodsManager.m */ = {isa = PBXFileReference; fileEncoding = 4; lastKnownFileType = sourcecode.c.objc; name = MSAPIMethodsManager.m; path = Classes/MSAPIMethodsManager/MSAPIMethodsManager.m; sourceTree = "<group>"; };
		2DDF2B111C501CB100330CEA /* MSAnimation.h */ = {isa = PBXFileReference; fileEncoding = 4; lastKnownFileType = sourcecode.c.h; name = MSAnimation.h; path = Classes/MSAnimation/MSAnimation.h; sourceTree = "<group>"; };
		2DDF2B121C501CB100330CEA /* MSAnimation.m */ = {isa = PBXFileReference; fileEncoding = 4; lastKnownFileType = sourcecode.c.objc; name = MSAnimation.m; path = Classes/MSAnimation/MSAnimation.m; sourceTree = "<group>"; };
		2DE89C2B1C737C9900EE82D3 /* MSOptionsView.h */ = {isa = PBXFileReference; fileEncoding = 4; lastKnownFileType = sourcecode.c.h; name = MSOptionsView.h; path = Model/View/MSOptionsView/MSOptionsView.h; sourceTree = "<group>"; };
		2DE89C2C1C737C9900EE82D3 /* MSOptionsView.m */ = {isa = PBXFileReference; fileEncoding = 4; lastKnownFileType = sourcecode.c.objc; name = MSOptionsView.m; path = Model/View/MSOptionsView/MSOptionsView.m; sourceTree = "<group>"; };
		2DEAC5931CB115D700A665B1 /* MSManagerDownloads.h */ = {isa = PBXFileReference; fileEncoding = 4; lastKnownFileType = sourcecode.c.h; name = MSManagerDownloads.h; path = Classes/MSManagerDownloads/MSManagerDownloads.h; sourceTree = "<group>"; };
		2DEAC5941CB115D700A665B1 /* MSManagerDownloads.m */ = {isa = PBXFileReference; fileEncoding = 4; lastKnownFileType = sourcecode.c.objc; name = MSManagerDownloads.m; path = Classes/MSManagerDownloads/MSManagerDownloads.m; sourceTree = "<group>"; };
		2DEAC5971CB11BCD00A665B1 /* MSUploadInfo.h */ = {isa = PBXFileReference; fileEncoding = 4; lastKnownFileType = sourcecode.c.h; name = MSUploadInfo.h; path = MSUploadInfo/MSUploadInfo.h; sourceTree = "<group>"; };
		2DEAC5981CB11BCD00A665B1 /* MSUploadInfo.m */ = {isa = PBXFileReference; fileEncoding = 4; lastKnownFileType = sourcecode.c.objc; name = MSUploadInfo.m; path = MSUploadInfo/MSUploadInfo.m; sourceTree = "<group>"; };
		2DF4F2CD1CB5522E00088053 /* MSBlurEffect.h */ = {isa = PBXFileReference; fileEncoding = 4; lastKnownFileType = sourcecode.c.h; name = MSBlurEffect.h; path = Classes/MSBluerEffect/MSBlurEffect.h; sourceTree = "<group>"; };
		2DF4F2CE1CB5522E00088053 /* MSBlurEffect.m */ = {isa = PBXFileReference; fileEncoding = 4; lastKnownFileType = sourcecode.c.objc; name = MSBlurEffect.m; path = Classes/MSBluerEffect/MSBlurEffect.m; sourceTree = "<group>"; };
		2DFAB3EF1C74925E004FA81E /* MSFolderViewNavigation.h */ = {isa = PBXFileReference; fileEncoding = 4; lastKnownFileType = sourcecode.c.h; name = MSFolderViewNavigation.h; path = Model/NavigationController/MSFolderViewNavigation/MSFolderViewNavigation.h; sourceTree = "<group>"; };
		2DFAB3F01C74925E004FA81E /* MSFolderViewNavigation.m */ = {isa = PBXFileReference; fileEncoding = 4; lastKnownFileType = sourcecode.c.objc; name = MSFolderViewNavigation.m; path = Model/NavigationController/MSFolderViewNavigation/MSFolderViewNavigation.m; sourceTree = "<group>"; };
		929ADEFCCC27CDCD3BB38851 /* Pods-PhotoOrganaizer.debug.xcconfig */ = {isa = PBXFileReference; includeInIndex = 1; lastKnownFileType = text.xcconfig; name = "Pods-PhotoOrganaizer.debug.xcconfig"; path = "Pods/Target Support Files/Pods-PhotoOrganaizer/Pods-PhotoOrganaizer.debug.xcconfig"; sourceTree = "<group>"; };
		A5CEE70C0733EA3993ADAD81 /* libPods-PhotoOrganaizer.a */ = {isa = PBXFileReference; explicitFileType = archive.ar; includeInIndex = 0; path = "libPods-PhotoOrganaizer.a"; sourceTree = BUILT_PRODUCTS_DIR; };
		E81833BD983100BAAE17E6DF /* Pods-PhotoOrganaizer.release.xcconfig */ = {isa = PBXFileReference; includeInIndex = 1; lastKnownFileType = text.xcconfig; name = "Pods-PhotoOrganaizer.release.xcconfig"; path = "Pods/Target Support Files/Pods-PhotoOrganaizer/Pods-PhotoOrganaizer.release.xcconfig"; sourceTree = "<group>"; };
		FC28B9491C8B739900AD8FBF /* MSCache.h */ = {isa = PBXFileReference; fileEncoding = 4; lastKnownFileType = sourcecode.c.h; name = MSCache.h; path = Classes/MSCache/MSCache.h; sourceTree = "<group>"; };
		FC28B94A1C8B739900AD8FBF /* MSCache.m */ = {isa = PBXFileReference; fileEncoding = 4; lastKnownFileType = sourcecode.c.objc; name = MSCache.m; path = Classes/MSCache/MSCache.m; sourceTree = "<group>"; };
		FCBA44AF1C53932C00471F0B /* MSFolder+CoreDataProperties.h */ = {isa = PBXFileReference; fileEncoding = 4; lastKnownFileType = sourcecode.c.h; name = "MSFolder+CoreDataProperties.h"; path = "Model/CoreData/MSFolder+CoreDataProperties.h"; sourceTree = "<group>"; };
		FCBA44B01C53932C00471F0B /* MSFolder+CoreDataProperties.m */ = {isa = PBXFileReference; fileEncoding = 4; lastKnownFileType = sourcecode.c.objc; name = "MSFolder+CoreDataProperties.m"; path = "Model/CoreData/MSFolder+CoreDataProperties.m"; sourceTree = "<group>"; };
		FCBA44B11C53932C00471F0B /* MSFolder.h */ = {isa = PBXFileReference; fileEncoding = 4; lastKnownFileType = sourcecode.c.h; name = MSFolder.h; path = Model/CoreData/MSFolder.h; sourceTree = "<group>"; };
		FCBA44B21C53932C00471F0B /* MSFolder.m */ = {isa = PBXFileReference; fileEncoding = 4; lastKnownFileType = sourcecode.c.objc; name = MSFolder.m; path = Model/CoreData/MSFolder.m; sourceTree = "<group>"; };
/* End PBXFileReference section */

/* Begin PBXFrameworksBuildPhase section */
		2D906FA71C3EFD5400DF01A4 /* Frameworks */ = {
			isa = PBXFrameworksBuildPhase;
			buildActionMask = 2147483647;
			files = (
				B2B89E49FB466602F6785C61 /* libPods-PhotoOrganaizer.a in Frameworks */,
			);
			runOnlyForDeploymentPostprocessing = 0;
		};
		2D906FC31C3EFD5400DF01A4 /* Frameworks */ = {
			isa = PBXFrameworksBuildPhase;
			buildActionMask = 2147483647;
			files = (
			);
			runOnlyForDeploymentPostprocessing = 0;
		};
		2D906FCE1C3EFD5400DF01A4 /* Frameworks */ = {
			isa = PBXFrameworksBuildPhase;
			buildActionMask = 2147483647;
			files = (
			);
			runOnlyForDeploymentPostprocessing = 0;
		};
/* End PBXFrameworksBuildPhase section */

/* Begin PBXGroup section */
		0C36F10212BABC5FDFF67177 /* Frameworks */ = {
			isa = PBXGroup;
			children = (
				A5CEE70C0733EA3993ADAD81 /* libPods-PhotoOrganaizer.a */,
			);
			name = Frameworks;
			sourceTree = "<group>";
		};
		2D077FF81CB2740D00197D3F /* MSGalleryRollLoadCell */ = {
			isa = PBXGroup;
			children = (
				2D077FF91CB2744C00197D3F /* MSGalleryRollLoadCell.h */,
				2D077FFA1CB2744C00197D3F /* MSGalleryRollLoadCell.m */,
			);
			name = MSGalleryRollLoadCell;
			sourceTree = "<group>";
		};
		2D095CC71CA8141C00247518 /* MSGalleryRollDataSource */ = {
			isa = PBXGroup;
			children = (
				2D095CC81CA8144D00247518 /* MSGalleryRollDataSource.h */,
				2D095CC91CA8144D00247518 /* MSGalleryRollDataSource.m */,
			);
			name = MSGalleryRollDataSource;
			sourceTree = "<group>";
		};
		2D18BCBA1C3F070700F923DF /* Classes */ = {
			isa = PBXGroup;
			children = (
				2D9312A91CB569CA004E13D0 /* MSFolderViewerDataSource */,
				2DF4F2CC1CB551E200088053 /* MSBlurEffect */,
				2DEAC5921CB1159100A665B1 /* MSManagerDownloads */,
				2D095CC71CA8141C00247518 /* MSGalleryRollDataSource */,
				2D493A0C1C98678700465986 /* MSPhotoLayout */,
				2D9044541C8DD16200A4DF1E /* MSFolderPathManager */,
				FC28B9481C8B72C500AD8FBF /* MSCache */,
				2DDF2B101C501C8500330CEA /* MSAnimation */,
				2DDF2B0C1C5008AF00330CEA /* MSAPIMethodsManager */,
				2D1DAB951C47FA1900C7AA19 /* MSRequestManager */,
				2D330DF11C42E268008897C7 /* Auth */,
				2D45706B1C4017A100934FF5 /* LoginService */,
				2D18BCC21C3F0C8B00F923DF /* Validator */,
				2D18BCBB1C3F071C00F923DF /* APIRequestManager */,
			);
			name = Classes;
			sourceTree = "<group>";
		};
		2D18BCBB1C3F071C00F923DF /* APIRequestManager */ = {
			isa = PBXGroup;
			children = (
				2D18BCC71C3F0E9C00F923DF /* MSAPIRequestManager.h */,
				2D18BCC81C3F0E9C00F923DF /* MSAPIRequestManager.m */,
			);
			name = APIRequestManager;
			sourceTree = "<group>";
		};
		2D18BCBC1C3F0ABD00F923DF /* Category */ = {
			isa = PBXGroup;
			children = (
				2DDF2B081C4FF07000330CEA /* UIImage+SharedPics */,
				2D18BCBD1C3F0AC400F923DF /* NSObject+Extension */,
			);
			name = Category;
			sourceTree = "<group>";
		};
		2D18BCBD1C3F0AC400F923DF /* NSObject+Extension */ = {
			isa = PBXGroup;
			children = (
				2D18BCBE1C3F0B1200F923DF /* NSObject+Extension.h */,
				2D18BCBF1C3F0B1200F923DF /* NSObject+Extension.m */,
			);
			name = "NSObject+Extension";
			sourceTree = "<group>";
		};
		2D18BCC21C3F0C8B00F923DF /* Validator */ = {
			isa = PBXGroup;
			children = (
				2D18BCC31C3F0CC200F923DF /* MSValidator.h */,
				2D18BCC41C3F0CC200F923DF /* MSValidator.m */,
			);
			name = Validator;
			sourceTree = "<group>";
		};
		2D1DAB951C47FA1900C7AA19 /* MSRequestManager */ = {
			isa = PBXGroup;
			children = (
				2D1DAB961C47FA5500C7AA19 /* MSRequestManager.h */,
				2D1DAB971C47FA5500C7AA19 /* MSRequestManager.m */,
			);
			name = MSRequestManager;
			sourceTree = "<group>";
		};
		2D305AD21C726F6D00B4F018 /* MSGalleryRollNavigation */ = {
			isa = PBXGroup;
			children = (
				2D305AD31C726FAE00B4F018 /* MSGalleryRollNavigation.h */,
				2D305AD41C726FAE00B4F018 /* MSGalleryRollNavigation.m */,
			);
			name = MSGalleryRollNavigation;
			sourceTree = "<group>";
		};
		2D330DF11C42E268008897C7 /* Auth */ = {
			isa = PBXGroup;
			children = (
				2D330DF21C42E29A008897C7 /* MSAuth.h */,
				2D330DF31C42E29A008897C7 /* MSAuth.m */,
			);
			name = Auth;
			sourceTree = "<group>";
		};
		2D38C76E1C491E770081028D /* CoreData */ = {
			isa = PBXGroup;
			children = (
				2D8EED981C8B093C008BB5FF /* MSThumbnail */,
				2D38C7711C491E940081028D /* MSPhoto */,
				2D38C7701C491E8D0081028D /* MSFolder */,
			);
			name = CoreData;
			sourceTree = "<group>";
		};
		2D38C7701C491E8D0081028D /* MSFolder */ = {
			isa = PBXGroup;
			children = (
				FCBA44AF1C53932C00471F0B /* MSFolder+CoreDataProperties.h */,
				FCBA44B01C53932C00471F0B /* MSFolder+CoreDataProperties.m */,
				FCBA44B11C53932C00471F0B /* MSFolder.h */,
				FCBA44B21C53932C00471F0B /* MSFolder.m */,
			);
			name = MSFolder;
			sourceTree = "<group>";
		};
		2D38C7711C491E940081028D /* MSPhoto */ = {
			isa = PBXGroup;
			children = (
				2D38C7761C4925C70081028D /* MSPhoto+CoreDataProperties.h */,
				2D38C7771C4925C70081028D /* MSPhoto+CoreDataProperties.m */,
				2D38C7781C4925C70081028D /* MSPhoto.h */,
				2D38C7791C4925C70081028D /* MSPhoto.m */,
			);
			name = MSPhoto;
			sourceTree = "<group>";
		};
		2D40AEEF1C6DE7F100024FB3 /* MSGalleryRollCell */ = {
			isa = PBXGroup;
			children = (
				2D40AEF01C6DE82600024FB3 /* MSGalleryRollCell.h */,
				2D40AEF11C6DE82600024FB3 /* MSGalleryRollCell.m */,
			);
			name = MSGalleryRollCell;
			sourceTree = "<group>";
		};
		2D42EF7D1C51218300DCDBD2 /* Cells */ = {
			isa = PBXGroup;
			children = (
				2D077FF81CB2740D00197D3F /* MSGalleryRollLoadCell */,
				2D77A6E91C9766B9008D1BDF /* MSPhotoCollectionCell */,
				2D988E631C7DA52200BEDAF1 /* MSPhotoAlbumCell */,
				2D40AEEF1C6DE7F100024FB3 /* MSGalleryRollCell */,
				2D42EF7E1C51218A00DCDBD2 /* MSFolderViewerCell */,
			);
			name = Cells;
			sourceTree = "<group>";
		};
		2D42EF7E1C51218A00DCDBD2 /* MSFolderViewerCell */ = {
			isa = PBXGroup;
			children = (
				2D42EF7F1C5121F200DCDBD2 /* MSFolderViewerCell.h */,
				2D42EF801C5121F200DCDBD2 /* MSFolderViewerCell.m */,
			);
			name = MSFolderViewerCell;
			sourceTree = "<group>";
		};
		2D42EF821C5124C800DCDBD2 /* MSFolderViewer */ = {
			isa = PBXGroup;
			children = (
				2D42EF831C5124F000DCDBD2 /* MSFolderViewer.h */,
				2D42EF841C5124F000DCDBD2 /* MSFolderViewer.m */,
			);
			name = MSFolderViewer;
			sourceTree = "<group>";
		};
		2D45706B1C4017A100934FF5 /* LoginService */ = {
			isa = PBXGroup;
			children = (
				2D4570721C40186400934FF5 /* LoginService.h */,
				2D4570731C40186400934FF5 /* LoginService.m */,
			);
			name = LoginService;
			sourceTree = "<group>";
		};
		2D493A0C1C98678700465986 /* MSPhotoLayout */ = {
			isa = PBXGroup;
			children = (
				2D493A0D1C9867B600465986 /* MSPhotoLayout.h */,
				2D493A0E1C9867B600465986 /* MSPhotoLayout.m */,
			);
			name = MSPhotoLayout;
			sourceTree = "<group>";
		};
		2D4C1E1A1C732F360077843B /* MSNewFolderView */ = {
			isa = PBXGroup;
			children = (
				2D4C1E1C1C732F670077843B /* MSCreateNewFolderView.xib */,
				2D4C1E1E1C7331040077843B /* MSCreateNewFolderView.h */,
				2D4C1E1F1C7331040077843B /* MSCreateNewFolderView.m */,
			);
			name = MSNewFolderView;
			sourceTree = "<group>";
		};
		2D4C1E1B1C732F450077843B /* VIew */ = {
			isa = PBXGroup;
			children = (
				2DD1B6AE1CBD18E700C2EDB0 /* MSSavingProcessView */,
				2DE89C2A1C737C5D00EE82D3 /* MSOptionsView */,
				2D4C1E1A1C732F360077843B /* MSNewFolderView */,
			);
			name = VIew;
			sourceTree = "<group>";
		};
		2D77A6E51C976177008D1BDF /* MSPhotoCollection */ = {
			isa = PBXGroup;
			children = (
				2D77A6E61C9761F6008D1BDF /* MSPhotoCollection.h */,
				2D77A6E71C9761F6008D1BDF /* MSPhotoCollection.m */,
			);
			name = MSPhotoCollection;
			sourceTree = "<group>";
		};
		2D77A6E91C9766B9008D1BDF /* MSPhotoCollectionCell */ = {
			isa = PBXGroup;
			children = (
				2D77A6EA1C9766E3008D1BDF /* MSPhotoCollectionCell.h */,
				2D77A6EB1C9766E3008D1BDF /* MSPhotoCollectionCell.m */,
			);
			name = MSPhotoCollectionCell;
			sourceTree = "<group>";
		};
		2D8E46D81C4578D50035B8B9 /* Resources */ = {
			isa = PBXGroup;
			children = (
				2D8E46D91C45791F0035B8B9 /* glossy_emoticon_button.png */,
				2DDF2B061C4FEEF100330CEA /* folder-generic.png */,
				2D2AE90C1C57CFD100A726AD /* blackfolder.png */,
			);
			name = Resources;
			sourceTree = "<group>";
		};
		2D8EED981C8B093C008BB5FF /* MSThumbnail */ = {
			isa = PBXGroup;
			children = (
				2D8EED921C8B0933008BB5FF /* MSThumbnail+CoreDataProperties.h */,
				2D8EED931C8B0933008BB5FF /* MSThumbnail+CoreDataProperties.m */,
				2D8EED941C8B0933008BB5FF /* MSThumbnail.h */,
				2D8EED951C8B0933008BB5FF /* MSThumbnail.m */,
			);
			name = MSThumbnail;
			sourceTree = "<group>";
		};
		2D9044541C8DD16200A4DF1E /* MSFolderPathManager */ = {
			isa = PBXGroup;
			children = (
				2D9044551C8DD18C00A4DF1E /* MSFolderPathManager.h */,
				2D9044561C8DD18C00A4DF1E /* MSFolderPathManager.m */,
			);
			name = MSFolderPathManager;
			sourceTree = "<group>";
		};
		2D906FA11C3EFD5400DF01A4 = {
			isa = PBXGroup;
			children = (
				2D906FAC1C3EFD5400DF01A4 /* PhotoOrganaizer */,
				2D906FC91C3EFD5400DF01A4 /* PhotoOrganaizerTests */,
				2D906FD41C3EFD5400DF01A4 /* PhotoOrganaizerUITests */,
				2D906FAB1C3EFD5400DF01A4 /* Products */,
				3CC96BF3FFF0F9A4A8BC495E /* Pods */,
				0C36F10212BABC5FDFF67177 /* Frameworks */,
			);
			sourceTree = "<group>";
		};
		2D906FAB1C3EFD5400DF01A4 /* Products */ = {
			isa = PBXGroup;
			children = (
				2D906FAA1C3EFD5400DF01A4 /* PhotoOrganaizer.app */,
				2D906FC61C3EFD5400DF01A4 /* PhotoOrganaizerTests.xctest */,
				2D906FD11C3EFD5400DF01A4 /* PhotoOrganaizerUITests.xctest */,
			);
			name = Products;
			sourceTree = "<group>";
		};
		2D906FAC1C3EFD5400DF01A4 /* PhotoOrganaizer */ = {
			isa = PBXGroup;
			children = (
				2D8E46D81C4578D50035B8B9 /* Resources */,
				2D18BCBC1C3F0ABD00F923DF /* Category */,
				2D18BCBA1C3F070700F923DF /* Classes */,
				2D906FE31C3EFD7400DF01A4 /* Model */,
				2D906FB01C3EFD5400DF01A4 /* AppDelegate.h */,
				2D906FB11C3EFD5400DF01A4 /* AppDelegate.m */,
				2D906FB91C3EFD5400DF01A4 /* PhotoOrganaizer.xcdatamodeld */,
				2D906FB61C3EFD5400DF01A4 /* Main.storyboard */,
				2D906FBC1C3EFD5400DF01A4 /* Assets.xcassets */,
				2D906FBE1C3EFD5400DF01A4 /* LaunchScreen.storyboard */,
				2D906FC11C3EFD5400DF01A4 /* Info.plist */,
				2D906FAD1C3EFD5400DF01A4 /* Supporting Files */,
			);
			path = PhotoOrganaizer;
			sourceTree = "<group>";
		};
		2D906FAD1C3EFD5400DF01A4 /* Supporting Files */ = {
			isa = PBXGroup;
			children = (
				2D906FAE1C3EFD5400DF01A4 /* main.m */,
				2D18BCC61C3F0D4000F923DF /* PrefixHeader.pch */,
				2D5328C21C412973006D9B6B /* SharedConstants.h */,
				2D330DF51C42E897008897C7 /* AuthConstants.h */,
			);
			name = "Supporting Files";
			sourceTree = "<group>";
		};
		2D906FC91C3EFD5400DF01A4 /* PhotoOrganaizerTests */ = {
			isa = PBXGroup;
			children = (
				2D906FCA1C3EFD5400DF01A4 /* PhotoOrganaizerTests.m */,
				2D906FCC1C3EFD5400DF01A4 /* Info.plist */,
			);
			path = PhotoOrganaizerTests;
			sourceTree = "<group>";
		};
		2D906FD41C3EFD5400DF01A4 /* PhotoOrganaizerUITests */ = {
			isa = PBXGroup;
			children = (
				2D906FD51C3EFD5400DF01A4 /* PhotoOrganaizerUITests.m */,
				2D906FD71C3EFD5400DF01A4 /* Info.plist */,
			);
			path = PhotoOrganaizerUITests;
			sourceTree = "<group>";
		};
		2D906FE31C3EFD7400DF01A4 /* Model */ = {
			isa = PBXGroup;
			children = (
				2DEAC5961CB11B8500A665B1 /* MSUploadInfo */,
				2D4C1E1B1C732F450077843B /* VIew */,
				2D42EF7D1C51218300DCDBD2 /* Cells */,
				2D38C76E1C491E770081028D /* CoreData */,
				2D906FEA1C3F023700DF01A4 /* NavigationController */,
				2D906FE41C3EFD8900DF01A4 /* ViewController */,
			);
			name = Model;
			sourceTree = "<group>";
		};
		2D906FE41C3EFD8900DF01A4 /* ViewController */ = {
			isa = PBXGroup;
			children = (
				2D77A6E51C976177008D1BDF /* MSPhotoCollection */,
				2D988E5F1C7D9DC100BEDAF1 /* MSImagePicker */,
				2DD108291C6CC15A00EB1757 /* MSGalleryRoll */,
				2D42EF821C5124C800DCDBD2 /* MSFolderViewer */,
				2D906FE61C3EFDDF00DF01A4 /* Main */,
			);
			name = ViewController;
			sourceTree = "<group>";
		};
		2D906FE61C3EFDDF00DF01A4 /* Main */ = {
			isa = PBXGroup;
			children = (
				2D906FE71C3EFE4700DF01A4 /* MSMainVC.h */,
				2D906FE81C3EFE4700DF01A4 /* MSMainVC.m */,
			);
			name = Main;
			sourceTree = "<group>";
		};
		2D906FEA1C3F023700DF01A4 /* NavigationController */ = {
			isa = PBXGroup;
			children = (
				2D988E671C7DD49E00BEDAF1 /* MSPhotoImagePickerNavigation */,
				2DFAB3EE1C74922C004FA81E /* MSFolderViewNavigation */,
				2D305AD21C726F6D00B4F018 /* MSGalleryRollNavigation */,
			);
			name = NavigationController;
			sourceTree = "<group>";
		};
		2D9312A91CB569CA004E13D0 /* MSFolderViewerDataSource */ = {
			isa = PBXGroup;
			children = (
				2D9312AA1CB569F7004E13D0 /* MSFolderViewerDataSource.h */,
				2D9312AB1CB569F7004E13D0 /* MSFolderViewerDataSource.m */,
			);
			name = MSFolderViewerDataSource;
			sourceTree = "<group>";
		};
		2D988E5F1C7D9DC100BEDAF1 /* MSImagePicker */ = {
			isa = PBXGroup;
			children = (
				2D988E601C7D9E0600BEDAF1 /* MSPhotoAlbums.h */,
				2D988E611C7D9E0600BEDAF1 /* MSPhotoAlbums.m */,
			);
			name = MSImagePicker;
			sourceTree = "<group>";
		};
		2D988E631C7DA52200BEDAF1 /* MSPhotoAlbumCell */ = {
			isa = PBXGroup;
			children = (
				2D988E641C7DA56500BEDAF1 /* MSPhotoAlbumCell.h */,
				2D988E651C7DA56500BEDAF1 /* MSPhotoAlbumCell.m */,
			);
			name = MSPhotoAlbumCell;
			sourceTree = "<group>";
		};
		2D988E671C7DD49E00BEDAF1 /* MSPhotoImagePickerNavigation */ = {
			isa = PBXGroup;
			children = (
				2D988E681C7DD4E700BEDAF1 /* MSPhotoImagePickerNavigation.h */,
				2D988E691C7DD4E700BEDAF1 /* MSPhotoImagePickerNavigation.m */,
			);
			name = MSPhotoImagePickerNavigation;
			sourceTree = "<group>";
		};
		2DD108291C6CC15A00EB1757 /* MSGalleryRoll */ = {
			isa = PBXGroup;
			children = (
				2DD1082A1C6CC18B00EB1757 /* MSGalleryRoll.h */,
				2DD1082B1C6CC18B00EB1757 /* MSGalleryRoll.m */,
			);
			name = MSGalleryRoll;
			sourceTree = "<group>";
		};
		2DD1B6AE1CBD18E700C2EDB0 /* MSSavingProcessView */ = {
			isa = PBXGroup;
			children = (
				2DD1B6AF1CBD193B00C2EDB0 /* MSSavingProcessView.h */,
				2DD1B6B01CBD193B00C2EDB0 /* MSSavingProcessView.m */,
				2DD1B6B21CBD1C8C00C2EDB0 /* MSSavingProcessView.xib */,
			);
			name = MSSavingProcessView;
			sourceTree = "<group>";
		};
		2DDF2B081C4FF07000330CEA /* UIImage+SharedPics */ = {
			isa = PBXGroup;
			children = (
				2DDF2B091C4FF12B00330CEA /* UIImage+SharedPics.h */,
				2DDF2B0A1C4FF12B00330CEA /* UIImage+SharedPics.m */,
			);
			name = "UIImage+SharedPics";
			sourceTree = "<group>";
		};
		2DDF2B0C1C5008AF00330CEA /* MSAPIMethodsManager */ = {
			isa = PBXGroup;
			children = (
				2DDF2B0D1C50095700330CEA /* MSAPIMethodsManager.h */,
				2DDF2B0E1C50095700330CEA /* MSAPIMethodsManager.m */,
			);
			name = MSAPIMethodsManager;
			sourceTree = "<group>";
		};
		2DDF2B101C501C8500330CEA /* MSAnimation */ = {
			isa = PBXGroup;
			children = (
				2DDF2B111C501CB100330CEA /* MSAnimation.h */,
				2DDF2B121C501CB100330CEA /* MSAnimation.m */,
			);
			name = MSAnimation;
			sourceTree = "<group>";
		};
		2DE89C2A1C737C5D00EE82D3 /* MSOptionsView */ = {
			isa = PBXGroup;
			children = (
				2DE89C2B1C737C9900EE82D3 /* MSOptionsView.h */,
				2DE89C2C1C737C9900EE82D3 /* MSOptionsView.m */,
			);
			name = MSOptionsView;
			sourceTree = "<group>";
		};
		2DEAC5921CB1159100A665B1 /* MSManagerDownloads */ = {
			isa = PBXGroup;
			children = (
				2DEAC5931CB115D700A665B1 /* MSManagerDownloads.h */,
				2DEAC5941CB115D700A665B1 /* MSManagerDownloads.m */,
			);
			name = MSManagerDownloads;
			sourceTree = "<group>";
		};
		2DEAC5961CB11B8500A665B1 /* MSUploadInfo */ = {
			isa = PBXGroup;
			children = (
				2DEAC5971CB11BCD00A665B1 /* MSUploadInfo.h */,
				2DEAC5981CB11BCD00A665B1 /* MSUploadInfo.m */,
			);
			name = MSUploadInfo;
			sourceTree = "<group>";
		};
		2DF4F2CC1CB551E200088053 /* MSBlurEffect */ = {
			isa = PBXGroup;
			children = (
				2DF4F2CD1CB5522E00088053 /* MSBlurEffect.h */,
				2DF4F2CE1CB5522E00088053 /* MSBlurEffect.m */,
			);
			name = MSBlurEffect;
			sourceTree = "<group>";
		};
		2DFAB3EE1C74922C004FA81E /* MSFolderViewNavigation */ = {
			isa = PBXGroup;
			children = (
				2DFAB3EF1C74925E004FA81E /* MSFolderViewNavigation.h */,
				2DFAB3F01C74925E004FA81E /* MSFolderViewNavigation.m */,
			);
			name = MSFolderViewNavigation;
			sourceTree = "<group>";
		};
		3CC96BF3FFF0F9A4A8BC495E /* Pods */ = {
			isa = PBXGroup;
			children = (
				929ADEFCCC27CDCD3BB38851 /* Pods-PhotoOrganaizer.debug.xcconfig */,
				E81833BD983100BAAE17E6DF /* Pods-PhotoOrganaizer.release.xcconfig */,
			);
			name = Pods;
			sourceTree = "<group>";
		};
		FC28B9481C8B72C500AD8FBF /* MSCache */ = {
			isa = PBXGroup;
			children = (
				FC28B9491C8B739900AD8FBF /* MSCache.h */,
				FC28B94A1C8B739900AD8FBF /* MSCache.m */,
			);
			name = MSCache;
			sourceTree = "<group>";
		};
/* End PBXGroup section */

/* Begin PBXNativeTarget section */
		2D906FA91C3EFD5400DF01A4 /* PhotoOrganaizer */ = {
			isa = PBXNativeTarget;
			buildConfigurationList = 2D906FDA1C3EFD5400DF01A4 /* Build configuration list for PBXNativeTarget "PhotoOrganaizer" */;
			buildPhases = (
				CB6F028DD56B3B995EDDBD8B /* Check Pods Manifest.lock */,
				2D906FA61C3EFD5400DF01A4 /* Sources */,
				2D906FA71C3EFD5400DF01A4 /* Frameworks */,
				2D906FA81C3EFD5400DF01A4 /* Resources */,
				A3A4DEBEFA66660A7DD288C8 /* Embed Pods Frameworks */,
				D487987B3718FD2DA94CAC55 /* Copy Pods Resources */,
			);
			buildRules = (
			);
			dependencies = (
			);
			name = PhotoOrganaizer;
			productName = PhotoOrganaizer;
			productReference = 2D906FAA1C3EFD5400DF01A4 /* PhotoOrganaizer.app */;
			productType = "com.apple.product-type.application";
		};
		2D906FC51C3EFD5400DF01A4 /* PhotoOrganaizerTests */ = {
			isa = PBXNativeTarget;
			buildConfigurationList = 2D906FDD1C3EFD5400DF01A4 /* Build configuration list for PBXNativeTarget "PhotoOrganaizerTests" */;
			buildPhases = (
				2D906FC21C3EFD5400DF01A4 /* Sources */,
				2D906FC31C3EFD5400DF01A4 /* Frameworks */,
				2D906FC41C3EFD5400DF01A4 /* Resources */,
			);
			buildRules = (
			);
			dependencies = (
				2D906FC81C3EFD5400DF01A4 /* PBXTargetDependency */,
			);
			name = PhotoOrganaizerTests;
			productName = PhotoOrganaizerTests;
			productReference = 2D906FC61C3EFD5400DF01A4 /* PhotoOrganaizerTests.xctest */;
			productType = "com.apple.product-type.bundle.unit-test";
		};
		2D906FD01C3EFD5400DF01A4 /* PhotoOrganaizerUITests */ = {
			isa = PBXNativeTarget;
			buildConfigurationList = 2D906FE01C3EFD5400DF01A4 /* Build configuration list for PBXNativeTarget "PhotoOrganaizerUITests" */;
			buildPhases = (
				2D906FCD1C3EFD5400DF01A4 /* Sources */,
				2D906FCE1C3EFD5400DF01A4 /* Frameworks */,
				2D906FCF1C3EFD5400DF01A4 /* Resources */,
			);
			buildRules = (
			);
			dependencies = (
				2D906FD31C3EFD5400DF01A4 /* PBXTargetDependency */,
			);
			name = PhotoOrganaizerUITests;
			productName = PhotoOrganaizerUITests;
			productReference = 2D906FD11C3EFD5400DF01A4 /* PhotoOrganaizerUITests.xctest */;
			productType = "com.apple.product-type.bundle.ui-testing";
		};
/* End PBXNativeTarget section */

/* Begin PBXProject section */
		2D906FA21C3EFD5400DF01A4 /* Project object */ = {
			isa = PBXProject;
			attributes = {
				LastUpgradeCheck = 0720;
				ORGANIZATIONNAME = Maks;
				TargetAttributes = {
					2D906FA91C3EFD5400DF01A4 = {
						CreatedOnToolsVersion = 7.2;
						DevelopmentTeam = 83W7NX69M8;
					};
					2D906FC51C3EFD5400DF01A4 = {
						CreatedOnToolsVersion = 7.2;
						DevelopmentTeam = 83W7NX69M8;
						TestTargetID = 2D906FA91C3EFD5400DF01A4;
					};
					2D906FD01C3EFD5400DF01A4 = {
						CreatedOnToolsVersion = 7.2;
						DevelopmentTeam = 83W7NX69M8;
						TestTargetID = 2D906FA91C3EFD5400DF01A4;
					};
				};
			};
			buildConfigurationList = 2D906FA51C3EFD5400DF01A4 /* Build configuration list for PBXProject "PhotoOrganaizer" */;
			compatibilityVersion = "Xcode 3.2";
			developmentRegion = English;
			hasScannedForEncodings = 0;
			knownRegions = (
				en,
				Base,
			);
			mainGroup = 2D906FA11C3EFD5400DF01A4;
			productRefGroup = 2D906FAB1C3EFD5400DF01A4 /* Products */;
			projectDirPath = "";
			projectRoot = "";
			targets = (
				2D906FA91C3EFD5400DF01A4 /* PhotoOrganaizer */,
				2D906FC51C3EFD5400DF01A4 /* PhotoOrganaizerTests */,
				2D906FD01C3EFD5400DF01A4 /* PhotoOrganaizerUITests */,
			);
		};
/* End PBXProject section */

/* Begin PBXResourcesBuildPhase section */
		2D906FA81C3EFD5400DF01A4 /* Resources */ = {
			isa = PBXResourcesBuildPhase;
			buildActionMask = 2147483647;
			files = (
				2DDF2B071C4FEEF100330CEA /* folder-generic.png in Resources */,
				2D906FC01C3EFD5400DF01A4 /* LaunchScreen.storyboard in Resources */,
				2DD1B6B31CBD1C8C00C2EDB0 /* MSSavingProcessView.xib in Resources */,
				2D906FBD1C3EFD5400DF01A4 /* Assets.xcassets in Resources */,
				2D8E46DA1C45791F0035B8B9 /* glossy_emoticon_button.png in Resources */,
				2D906FB81C3EFD5400DF01A4 /* Main.storyboard in Resources */,
				2D4C1E1D1C732F670077843B /* MSCreateNewFolderView.xib in Resources */,
				2D2AE90D1C57CFD100A726AD /* blackfolder.png in Resources */,
			);
			runOnlyForDeploymentPostprocessing = 0;
		};
		2D906FC41C3EFD5400DF01A4 /* Resources */ = {
			isa = PBXResourcesBuildPhase;
			buildActionMask = 2147483647;
			files = (
			);
			runOnlyForDeploymentPostprocessing = 0;
		};
		2D906FCF1C3EFD5400DF01A4 /* Resources */ = {
			isa = PBXResourcesBuildPhase;
			buildActionMask = 2147483647;
			files = (
			);
			runOnlyForDeploymentPostprocessing = 0;
		};
/* End PBXResourcesBuildPhase section */

/* Begin PBXShellScriptBuildPhase section */
		A3A4DEBEFA66660A7DD288C8 /* Embed Pods Frameworks */ = {
			isa = PBXShellScriptBuildPhase;
			buildActionMask = 2147483647;
			files = (
			);
			inputPaths = (
			);
			name = "Embed Pods Frameworks";
			outputPaths = (
			);
			runOnlyForDeploymentPostprocessing = 0;
			shellPath = /bin/sh;
			shellScript = "\"${SRCROOT}/Pods/Target Support Files/Pods-PhotoOrganaizer/Pods-PhotoOrganaizer-frameworks.sh\"\n";
			showEnvVarsInLog = 0;
		};
		CB6F028DD56B3B995EDDBD8B /* Check Pods Manifest.lock */ = {
			isa = PBXShellScriptBuildPhase;
			buildActionMask = 2147483647;
			files = (
			);
			inputPaths = (
			);
			name = "Check Pods Manifest.lock";
			outputPaths = (
			);
			runOnlyForDeploymentPostprocessing = 0;
			shellPath = /bin/sh;
			shellScript = "diff \"${PODS_ROOT}/../Podfile.lock\" \"${PODS_ROOT}/Manifest.lock\" > /dev/null\nif [[ $? != 0 ]] ; then\n    cat << EOM\nerror: The sandbox is not in sync with the Podfile.lock. Run 'pod install' or update your CocoaPods installation.\nEOM\n    exit 1\nfi\n";
			showEnvVarsInLog = 0;
		};
		D487987B3718FD2DA94CAC55 /* Copy Pods Resources */ = {
			isa = PBXShellScriptBuildPhase;
			buildActionMask = 2147483647;
			files = (
			);
			inputPaths = (
			);
			name = "Copy Pods Resources";
			outputPaths = (
			);
			runOnlyForDeploymentPostprocessing = 0;
			shellPath = /bin/sh;
			shellScript = "\"${SRCROOT}/Pods/Target Support Files/Pods-PhotoOrganaizer/Pods-PhotoOrganaizer-resources.sh\"\n";
			showEnvVarsInLog = 0;
		};
/* End PBXShellScriptBuildPhase section */

/* Begin PBXSourcesBuildPhase section */
		2D906FA61C3EFD5400DF01A4 /* Sources */ = {
			isa = PBXSourcesBuildPhase;
			buildActionMask = 2147483647;
			files = (
				2D77A6EC1C9766E3008D1BDF /* MSPhotoCollectionCell.m in Sources */,
				2DEAC5951CB115D700A665B1 /* MSManagerDownloads.m in Sources */,
				2D40AEF21C6DE82600024FB3 /* MSGalleryRollCell.m in Sources */,
				FC28B94B1C8B739900AD8FBF /* MSCache.m in Sources */,
				2D9312AC1CB569F7004E13D0 /* MSFolderViewerDataSource.m in Sources */,
				2D42EF811C5121F200DCDBD2 /* MSFolderViewerCell.m in Sources */,
				2D906FBB1C3EFD5400DF01A4 /* PhotoOrganaizer.xcdatamodeld in Sources */,
				2D8EED961C8B0933008BB5FF /* MSThumbnail+CoreDataProperties.m in Sources */,
				2D1DAB981C47FA5500C7AA19 /* MSRequestManager.m in Sources */,
				2DF4F2CF1CB5522E00088053 /* MSBlurEffect.m in Sources */,
				2DFAB3F11C74925E004FA81E /* MSFolderViewNavigation.m in Sources */,
				2D18BCC51C3F0CC200F923DF /* MSValidator.m in Sources */,
				2D906FB21C3EFD5400DF01A4 /* AppDelegate.m in Sources */,
				2D4570741C40186400934FF5 /* LoginService.m in Sources */,
				2DDF2B0B1C4FF12B00330CEA /* UIImage+SharedPics.m in Sources */,
				2D095CCA1CA8144D00247518 /* MSGalleryRollDataSource.m in Sources */,
				2D906FAF1C3EFD5400DF01A4 /* main.m in Sources */,
				2D305AD51C726FAE00B4F018 /* MSGalleryRollNavigation.m in Sources */,
				FCBA44B41C53932C00471F0B /* MSFolder.m in Sources */,
				2D493A0F1C9867B600465986 /* MSPhotoLayout.m in Sources */,
				2D077FFB1CB2744D00197D3F /* MSGalleryRollLoadCell.m in Sources */,
				FCBA44B31C53932C00471F0B /* MSFolder+CoreDataProperties.m in Sources */,
				2D906FE91C3EFE4700DF01A4 /* MSMainVC.m in Sources */,
				2D42EF851C5124F000DCDBD2 /* MSFolderViewer.m in Sources */,
				2D330DF41C42E29A008897C7 /* MSAuth.m in Sources */,
				2D38C77D1C4925C70081028D /* MSPhoto.m in Sources */,
				2D988E6A1C7DD4E700BEDAF1 /* MSPhotoImagePickerNavigation.m in Sources */,
				2DEAC5991CB11BCD00A665B1 /* MSUploadInfo.m in Sources */,
				2D8EED971C8B0933008BB5FF /* MSThumbnail.m in Sources */,
				2D9044571C8DD18C00A4DF1E /* MSFolderPathManager.m in Sources */,
				2DDF2B0F1C50095700330CEA /* MSAPIMethodsManager.m in Sources */,
				2D988E661C7DA56500BEDAF1 /* MSPhotoAlbumCell.m in Sources */,
				2DD1082C1C6CC18B00EB1757 /* MSGalleryRoll.m in Sources */,
				2D4C1E201C7331040077843B /* MSCreateNewFolderView.m in Sources */,
				2D38C77C1C4925C70081028D /* MSPhoto+CoreDataProperties.m in Sources */,
				2DDF2B131C501CB100330CEA /* MSAnimation.m in Sources */,
				2D18BCC91C3F0E9C00F923DF /* MSAPIRequestManager.m in Sources */,
				2DE89C2D1C737C9900EE82D3 /* MSOptionsView.m in Sources */,
				2D18BCC01C3F0B1200F923DF /* NSObject+Extension.m in Sources */,
				2D77A6E81C9761F6008D1BDF /* MSPhotoCollection.m in Sources */,
				2DD1B6B11CBD193B00C2EDB0 /* MSSavingProcessView.m in Sources */,
				2D988E621C7D9E0600BEDAF1 /* MSPhotoAlbums.m in Sources */,
			);
			runOnlyForDeploymentPostprocessing = 0;
		};
		2D906FC21C3EFD5400DF01A4 /* Sources */ = {
			isa = PBXSourcesBuildPhase;
			buildActionMask = 2147483647;
			files = (
				2D906FCB1C3EFD5400DF01A4 /* PhotoOrganaizerTests.m in Sources */,
			);
			runOnlyForDeploymentPostprocessing = 0;
		};
		2D906FCD1C3EFD5400DF01A4 /* Sources */ = {
			isa = PBXSourcesBuildPhase;
			buildActionMask = 2147483647;
			files = (
				2D906FD61C3EFD5400DF01A4 /* PhotoOrganaizerUITests.m in Sources */,
			);
			runOnlyForDeploymentPostprocessing = 0;
		};
/* End PBXSourcesBuildPhase section */

/* Begin PBXTargetDependency section */
		2D906FC81C3EFD5400DF01A4 /* PBXTargetDependency */ = {
			isa = PBXTargetDependency;
			target = 2D906FA91C3EFD5400DF01A4 /* PhotoOrganaizer */;
			targetProxy = 2D906FC71C3EFD5400DF01A4 /* PBXContainerItemProxy */;
		};
		2D906FD31C3EFD5400DF01A4 /* PBXTargetDependency */ = {
			isa = PBXTargetDependency;
			target = 2D906FA91C3EFD5400DF01A4 /* PhotoOrganaizer */;
			targetProxy = 2D906FD21C3EFD5400DF01A4 /* PBXContainerItemProxy */;
		};
/* End PBXTargetDependency section */

/* Begin PBXVariantGroup section */
		2D906FB61C3EFD5400DF01A4 /* Main.storyboard */ = {
			isa = PBXVariantGroup;
			children = (
				2D906FB71C3EFD5400DF01A4 /* Base */,
			);
			name = Main.storyboard;
			sourceTree = "<group>";
		};
		2D906FBE1C3EFD5400DF01A4 /* LaunchScreen.storyboard */ = {
			isa = PBXVariantGroup;
			children = (
				2D906FBF1C3EFD5400DF01A4 /* Base */,
			);
			name = LaunchScreen.storyboard;
			sourceTree = "<group>";
		};
/* End PBXVariantGroup section */

/* Begin XCBuildConfiguration section */
		2D906FD81C3EFD5400DF01A4 /* Debug */ = {
			isa = XCBuildConfiguration;
			buildSettings = {
				ALWAYS_SEARCH_USER_PATHS = NO;
				CLANG_CXX_LANGUAGE_STANDARD = "gnu++0x";
				CLANG_CXX_LIBRARY = "libc++";
				CLANG_ENABLE_MODULES = YES;
				CLANG_ENABLE_OBJC_ARC = YES;
				CLANG_WARN_BOOL_CONVERSION = YES;
				CLANG_WARN_CONSTANT_CONVERSION = YES;
				CLANG_WARN_DIRECT_OBJC_ISA_USAGE = YES_ERROR;
				CLANG_WARN_EMPTY_BODY = YES;
				CLANG_WARN_ENUM_CONVERSION = YES;
				CLANG_WARN_INT_CONVERSION = YES;
				CLANG_WARN_OBJC_ROOT_CLASS = YES_ERROR;
				CLANG_WARN_UNREACHABLE_CODE = YES;
				CLANG_WARN__DUPLICATE_METHOD_MATCH = YES;
				"CODE_SIGN_IDENTITY[sdk=iphoneos*]" = "iPhone Developer";
				COPY_PHASE_STRIP = NO;
				DEBUG_INFORMATION_FORMAT = dwarf;
				ENABLE_STRICT_OBJC_MSGSEND = YES;
				ENABLE_TESTABILITY = YES;
				GCC_C_LANGUAGE_STANDARD = gnu99;
				GCC_DYNAMIC_NO_PIC = NO;
				GCC_NO_COMMON_BLOCKS = YES;
				GCC_OPTIMIZATION_LEVEL = 0;
				GCC_PREPROCESSOR_DEFINITIONS = (
					"DEBUG=1",
					"$(inherited)",
				);
				GCC_WARN_64_TO_32_BIT_CONVERSION = YES;
				GCC_WARN_ABOUT_RETURN_TYPE = YES_ERROR;
				GCC_WARN_UNDECLARED_SELECTOR = YES;
				GCC_WARN_UNINITIALIZED_AUTOS = YES_AGGRESSIVE;
				GCC_WARN_UNUSED_FUNCTION = YES;
				GCC_WARN_UNUSED_VARIABLE = YES;
				IPHONEOS_DEPLOYMENT_TARGET = 9.2;
				MTL_ENABLE_DEBUG_INFO = YES;
				ONLY_ACTIVE_ARCH = YES;
				SDKROOT = iphoneos;
				TARGETED_DEVICE_FAMILY = "1,2";
			};
			name = Debug;
		};
		2D906FD91C3EFD5400DF01A4 /* Release */ = {
			isa = XCBuildConfiguration;
			buildSettings = {
				ALWAYS_SEARCH_USER_PATHS = NO;
				CLANG_CXX_LANGUAGE_STANDARD = "gnu++0x";
				CLANG_CXX_LIBRARY = "libc++";
				CLANG_ENABLE_MODULES = YES;
				CLANG_ENABLE_OBJC_ARC = YES;
				CLANG_WARN_BOOL_CONVERSION = YES;
				CLANG_WARN_CONSTANT_CONVERSION = YES;
				CLANG_WARN_DIRECT_OBJC_ISA_USAGE = YES_ERROR;
				CLANG_WARN_EMPTY_BODY = YES;
				CLANG_WARN_ENUM_CONVERSION = YES;
				CLANG_WARN_INT_CONVERSION = YES;
				CLANG_WARN_OBJC_ROOT_CLASS = YES_ERROR;
				CLANG_WARN_UNREACHABLE_CODE = YES;
				CLANG_WARN__DUPLICATE_METHOD_MATCH = YES;
				"CODE_SIGN_IDENTITY[sdk=iphoneos*]" = "iPhone Developer";
				COPY_PHASE_STRIP = NO;
				DEBUG_INFORMATION_FORMAT = "dwarf-with-dsym";
				ENABLE_NS_ASSERTIONS = NO;
				ENABLE_STRICT_OBJC_MSGSEND = YES;
				GCC_C_LANGUAGE_STANDARD = gnu99;
				GCC_NO_COMMON_BLOCKS = YES;
				GCC_WARN_64_TO_32_BIT_CONVERSION = YES;
				GCC_WARN_ABOUT_RETURN_TYPE = YES_ERROR;
				GCC_WARN_UNDECLARED_SELECTOR = YES;
				GCC_WARN_UNINITIALIZED_AUTOS = YES_AGGRESSIVE;
				GCC_WARN_UNUSED_FUNCTION = YES;
				GCC_WARN_UNUSED_VARIABLE = YES;
				IPHONEOS_DEPLOYMENT_TARGET = 9.2;
				MTL_ENABLE_DEBUG_INFO = NO;
				SDKROOT = iphoneos;
				TARGETED_DEVICE_FAMILY = "1,2";
				VALIDATE_PRODUCT = YES;
			};
			name = Release;
		};
		2D906FDB1C3EFD5400DF01A4 /* Debug */ = {
			isa = XCBuildConfiguration;
			baseConfigurationReference = 929ADEFCCC27CDCD3BB38851 /* Pods-PhotoOrganaizer.debug.xcconfig */;
			buildSettings = {
				ASSETCATALOG_COMPILER_APPICON_NAME = AppIcon;
				CODE_SIGN_IDENTITY = "iPhone Developer";
				GCC_PREFIX_HEADER = $PROJECT/Support/PrefixHeader.pch;
				INFOPLIST_FILE = PhotoOrganaizer/Info.plist;
				LD_RUNPATH_SEARCH_PATHS = "$(inherited) @executable_path/Frameworks";
				PRODUCT_BUNDLE_IDENTIFIER = "-.PhotoOrganaizer";
				PRODUCT_NAME = "$(TARGET_NAME)";
			};
			name = Debug;
		};
		2D906FDC1C3EFD5400DF01A4 /* Release */ = {
			isa = XCBuildConfiguration;
			baseConfigurationReference = E81833BD983100BAAE17E6DF /* Pods-PhotoOrganaizer.release.xcconfig */;
			buildSettings = {
				ASSETCATALOG_COMPILER_APPICON_NAME = AppIcon;
				CODE_SIGN_IDENTITY = "iPhone Developer";
				GCC_PREFIX_HEADER = $PROJECT/Support/PrefixHeader.pch;
				INFOPLIST_FILE = PhotoOrganaizer/Info.plist;
				LD_RUNPATH_SEARCH_PATHS = "$(inherited) @executable_path/Frameworks";
				PRODUCT_BUNDLE_IDENTIFIER = "-.PhotoOrganaizer";
				PRODUCT_NAME = "$(TARGET_NAME)";
			};
			name = Release;
		};
		2D906FDE1C3EFD5400DF01A4 /* Debug */ = {
			isa = XCBuildConfiguration;
			buildSettings = {
				BUNDLE_LOADER = "$(TEST_HOST)";
				INFOPLIST_FILE = PhotoOrganaizerTests/Info.plist;
				LD_RUNPATH_SEARCH_PATHS = "$(inherited) @executable_path/Frameworks @loader_path/Frameworks";
				PRODUCT_BUNDLE_IDENTIFIER = "-.PhotoOrganaizerTests";
				PRODUCT_NAME = "$(TARGET_NAME)";
				TEST_HOST = "$(BUILT_PRODUCTS_DIR)/PhotoOrganaizer.app/PhotoOrganaizer";
			};
			name = Debug;
		};
		2D906FDF1C3EFD5400DF01A4 /* Release */ = {
			isa = XCBuildConfiguration;
			buildSettings = {
				BUNDLE_LOADER = "$(TEST_HOST)";
				INFOPLIST_FILE = PhotoOrganaizerTests/Info.plist;
				LD_RUNPATH_SEARCH_PATHS = "$(inherited) @executable_path/Frameworks @loader_path/Frameworks";
				PRODUCT_BUNDLE_IDENTIFIER = "-.PhotoOrganaizerTests";
				PRODUCT_NAME = "$(TARGET_NAME)";
				TEST_HOST = "$(BUILT_PRODUCTS_DIR)/PhotoOrganaizer.app/PhotoOrganaizer";
			};
			name = Release;
		};
		2D906FE11C3EFD5400DF01A4 /* Debug */ = {
			isa = XCBuildConfiguration;
			buildSettings = {
				INFOPLIST_FILE = PhotoOrganaizerUITests/Info.plist;
				LD_RUNPATH_SEARCH_PATHS = "$(inherited) @executable_path/Frameworks @loader_path/Frameworks";
				PRODUCT_BUNDLE_IDENTIFIER = "-.PhotoOrganaizerUITests";
				PRODUCT_NAME = "$(TARGET_NAME)";
				TEST_TARGET_NAME = PhotoOrganaizer;
				USES_XCTRUNNER = YES;
			};
			name = Debug;
		};
		2D906FE21C3EFD5400DF01A4 /* Release */ = {
			isa = XCBuildConfiguration;
			buildSettings = {
				INFOPLIST_FILE = PhotoOrganaizerUITests/Info.plist;
				LD_RUNPATH_SEARCH_PATHS = "$(inherited) @executable_path/Frameworks @loader_path/Frameworks";
				PRODUCT_BUNDLE_IDENTIFIER = "-.PhotoOrganaizerUITests";
				PRODUCT_NAME = "$(TARGET_NAME)";
				TEST_TARGET_NAME = PhotoOrganaizer;
				USES_XCTRUNNER = YES;
			};
			name = Release;
		};
/* End XCBuildConfiguration section */

/* Begin XCConfigurationList section */
		2D906FA51C3EFD5400DF01A4 /* Build configuration list for PBXProject "PhotoOrganaizer" */ = {
			isa = XCConfigurationList;
			buildConfigurations = (
				2D906FD81C3EFD5400DF01A4 /* Debug */,
				2D906FD91C3EFD5400DF01A4 /* Release */,
			);
			defaultConfigurationIsVisible = 0;
			defaultConfigurationName = Release;
		};
		2D906FDA1C3EFD5400DF01A4 /* Build configuration list for PBXNativeTarget "PhotoOrganaizer" */ = {
			isa = XCConfigurationList;
			buildConfigurations = (
				2D906FDB1C3EFD5400DF01A4 /* Debug */,
				2D906FDC1C3EFD5400DF01A4 /* Release */,
			);
			defaultConfigurationIsVisible = 0;
			defaultConfigurationName = Release;
		};
		2D906FDD1C3EFD5400DF01A4 /* Build configuration list for PBXNativeTarget "PhotoOrganaizerTests" */ = {
			isa = XCConfigurationList;
			buildConfigurations = (
				2D906FDE1C3EFD5400DF01A4 /* Debug */,
				2D906FDF1C3EFD5400DF01A4 /* Release */,
			);
			defaultConfigurationIsVisible = 0;
			defaultConfigurationName = Release;
		};
		2D906FE01C3EFD5400DF01A4 /* Build configuration list for PBXNativeTarget "PhotoOrganaizerUITests" */ = {
			isa = XCConfigurationList;
			buildConfigurations = (
				2D906FE11C3EFD5400DF01A4 /* Debug */,
				2D906FE21C3EFD5400DF01A4 /* Release */,
			);
			defaultConfigurationIsVisible = 0;
			defaultConfigurationName = Release;
		};
/* End XCConfigurationList section */

/* Begin XCVersionGroup section */
		2D906FB91C3EFD5400DF01A4 /* PhotoOrganaizer.xcdatamodeld */ = {
			isa = XCVersionGroup;
			children = (
				2D906FBA1C3EFD5400DF01A4 /* PhotoOrganaizer.xcdatamodel */,
			);
			currentVersion = 2D906FBA1C3EFD5400DF01A4 /* PhotoOrganaizer.xcdatamodel */;
			path = PhotoOrganaizer.xcdatamodeld;
			sourceTree = "<group>";
			versionGroupType = wrapper.xcdatamodel;
		};
/* End XCVersionGroup section */
	};
	rootObject = 2D906FA21C3EFD5400DF01A4 /* Project object */;
}
